Microsoft Visual Studio Solution File, Format Version 12.00
# Visual Studio Version 17
VisualStudioVersion = 17.5.2.0
MinimumVisualStudioVersion = 10.0.40219.1
Project("{FAE04EC0-301F-11D3-BF4B-00C04F79EFBC}") = "group-project", "group-project.csproj", "{3AB19E3F-4888-2075-1B4A-70E7DA86929A}"
EndProject
Global
	GlobalSection(SolutionConfigurationPlatforms) = preSolution
		Debug|Any CPU = Debug|Any CPU
		Release|Any CPU = Release|Any CPU
	EndGlobalSection
	GlobalSection(ProjectConfigurationPlatforms) = postSolution
		{3AB19E3F-4888-2075-1B4A-70E7DA86929A}.Debug|Any CPU.ActiveCfg = Debug|Any CPU
		{3AB19E3F-4888-2075-1B4A-70E7DA86929A}.Debug|Any CPU.Build.0 = Debug|Any CPU
		{3AB19E3F-4888-2075-1B4A-70E7DA86929A}.Release|Any CPU.ActiveCfg = Release|Any CPU
		{3AB19E3F-4888-2075-1B4A-70E7DA86929A}.Release|Any CPU.Build.0 = Release|Any CPU
	EndGlobalSection
	GlobalSection(SolutionProperties) = preSolution
		HideSolutionNode = FALSE
	EndGlobalSection
	GlobalSection(ExtensibilityGlobals) = postSolution
		SolutionGuid = {010D2267-E199-4F15-B297-3B12F5C327B1}
	EndGlobalSection
EndGlobal
